
Microsoft Visual Studio Solution File, Format Version 12.00
Project("{FAE04EC0-301F-11D3-BF4B-00C04F79EFBC}") = "v3", "v3\v3.csproj", "{373C8090-EEC8-4751-8A75-E5AB55B442CF}"
EndProject
Global
	GlobalSection(SolutionConfigurationPlatforms) = preSolution
		Debug|Any CPU = Debug|Any CPU
		Release|Any CPU = Release|Any CPU
	EndGlobalSection
	GlobalSection(ProjectConfigurationPlatforms) = postSolution
		{373C8090-EEC8-4751-8A75-E5AB55B442CF}.Debug|Any CPU.ActiveCfg = Debug|Any CPU
		{373C8090-EEC8-4751-8A75-E5AB55B442CF}.Debug|Any CPU.Build.0 = Debug|Any CPU
		{373C8090-EEC8-4751-8A75-E5AB55B442CF}.Release|Any CPU.ActiveCfg = Release|Any CPU
		{373C8090-EEC8-4751-8A75-E5AB55B442CF}.Release|Any CPU.Build.0 = Release|Any CPU
	EndGlobalSection
EndGlobal
